
Microsoft Visual Studio Solution File, Format Version 12.00
# Visual Studio 15
VisualStudioVersion = 15.0.28307.539
MinimumVisualStudioVersion = 10.0.40219.1
Project("{9A19103F-16F7-4668-BE54-9A1E7A4F7556}") = "prjMobiles", "prjMobiles.csproj", "{F03A4C03-A8B7-4746-93ED-AB7C5E42868F}"
EndProject
Global
	GlobalSection(SolutionConfigurationPlatforms) = preSolution
		Debug|Any CPU = Debug|Any CPU
		Release|Any CPU = Release|Any CPU
	EndGlobalSection
	GlobalSection(ProjectConfigurationPlatforms) = postSolution
		{F03A4C03-A8B7-4746-93ED-AB7C5E42868F}.Debug|Any CPU.ActiveCfg = Debug|Any CPU
		{F03A4C03-A8B7-4746-93ED-AB7C5E42868F}.Debug|Any CPU.Build.0 = Debug|Any CPU
		{F03A4C03-A8B7-4746-93ED-AB7C5E42868F}.Release|Any CPU.ActiveCfg = Release|Any CPU
		{F03A4C03-A8B7-4746-93ED-AB7C5E42868F}.Release|Any CPU.Build.0 = Release|Any CPU
	EndGlobalSection
	GlobalSection(SolutionProperties) = preSolution
		HideSolutionNode = FALSE
	EndGlobalSection
	GlobalSection(ExtensibilityGlobals) = postSolution
		SolutionGuid = {8E38E648-C2FC-4564-8DCB-7663B41B1D83}
	EndGlobalSection
EndGlobal
