
Microsoft Visual Studio Solution File, Format Version 12.00
# Visual Studio 15
VisualStudioVersion = 15.0.28307.329
MinimumVisualStudioVersion = 10.0.40219.1
Project("{9A19103F-16F7-4668-BE54-9A1E7A4F7556}") = "Squirtle", "Squirtle.csproj", "{A0BD0B55-A89D-422A-9BCA-FB84DB02A0C6}"
EndProject
Global
	GlobalSection(SolutionConfigurationPlatforms) = preSolution
		Debug|Any CPU = Debug|Any CPU
		Release|Any CPU = Release|Any CPU
	EndGlobalSection
	GlobalSection(ProjectConfigurationPlatforms) = postSolution
		{A0BD0B55-A89D-422A-9BCA-FB84DB02A0C6}.Debug|Any CPU.ActiveCfg = Debug|Any CPU
		{A0BD0B55-A89D-422A-9BCA-FB84DB02A0C6}.Debug|Any CPU.Build.0 = Debug|Any CPU
		{A0BD0B55-A89D-422A-9BCA-FB84DB02A0C6}.Release|Any CPU.ActiveCfg = Release|Any CPU
		{A0BD0B55-A89D-422A-9BCA-FB84DB02A0C6}.Release|Any CPU.Build.0 = Release|Any CPU
	EndGlobalSection
	GlobalSection(SolutionProperties) = preSolution
		HideSolutionNode = FALSE
	EndGlobalSection
	GlobalSection(ExtensibilityGlobals) = postSolution
		SolutionGuid = {58CFAC85-BA0C-428F-B962-9606C5E86891}
	EndGlobalSection
EndGlobal
